# This file is automatically @generated by Cargo.
# It is not intended for manual editing.
version = 4

[[package]]
name = "microslop"
version = "0.3.7"
dependencies = [
 "randix",
]

[[package]]
name = "randix"
version = "0.2.1"
source = "registry+https://github.com/rust-lang/crates.io-index"
checksum = "19c8ea7527f429af4942ceba67ca262b6c139c30442a0c1f8bf2e5bd1a840608"
