# This file is automatically @generated by Cargo.
# It is not intended for manual editing.
version = 4

[[package]]
name = "microslop"
version = "0.3.4"
dependencies = [
 "randix",
]

[[package]]
name = "randix"
version = "0.2.0"
source = "registry+https://github.com/rust-lang/crates.io-index"
checksum = "74a578338fde716c55560cbd0658b8675e6909e96e614b52fc4784d4e6412b22"
